
Microsoft Visual Studio Solution File, Format Version 12.00
# Visual Studio Version 16
VisualStudioVersion = 16.0.29613.14
MinimumVisualStudioVersion = 10.0.40219.1
Project("{FAE04EC0-301F-11D3-BF4B-00C04F79EFBC}") = "React.ServiceWorker.Poc", "React.ServiceWorker.Poc\React.ServiceWorker.Poc.csproj", "{F2556596-990D-49FA-AED5-F5CB7493A869}"
EndProject
Global
	GlobalSection(SolutionConfigurationPlatforms) = preSolution
		Debug|Any CPU = Debug|Any CPU
		Release|Any CPU = Release|Any CPU
	EndGlobalSection
	GlobalSection(ProjectConfigurationPlatforms) = postSolution
		{F2556596-990D-49FA-AED5-F5CB7493A869}.Debug|Any CPU.ActiveCfg = Debug|Any CPU
		{F2556596-990D-49FA-AED5-F5CB7493A869}.Debug|Any CPU.Build.0 = Debug|Any CPU
		{F2556596-990D-49FA-AED5-F5CB7493A869}.Release|Any CPU.ActiveCfg = Release|Any CPU
		{F2556596-990D-49FA-AED5-F5CB7493A869}.Release|Any CPU.Build.0 = Release|Any CPU
	EndGlobalSection
	GlobalSection(SolutionProperties) = preSolution
		HideSolutionNode = FALSE
	EndGlobalSection
	GlobalSection(ExtensibilityGlobals) = postSolution
		SolutionGuid = {2B1D1F27-F03E-4A85-83EA-1C91183E9C3E}
	EndGlobalSection
EndGlobal
